
Microsoft Visual Studio Solution File, Format Version 12.00
# Visual Studio Version 17
VisualStudioVersion = 17.0.31903.59
MinimumVisualStudioVersion = 10.0.40219.1
Project("{FAE04EC0-301F-11D3-BF4B-00C04F79EFBC}") = "A-server", "A-server\A-server.csproj", "{17425FCA-3785-40C2-9767-723F174E0BA0}"
EndProject
Project("{2150E333-8FDC-42A3-9474-1A3956D46DE8}") = "ServerApp", "ServerApp", "{8EBDEB12-FC66-4321-B924-AEC726F69575}"
EndProject
Project("{2150E333-8FDC-42A3-9474-1A3956D46DE8}") = "1-Application", "1-Application", "{84CF8F42-1D65-4406-9563-C68D3C7F9DA3}"
EndProject
Project("{2150E333-8FDC-42A3-9474-1A3956D46DE8}") = "0-Services", "0-Services", "{C0ACD477-B858-4273-BEDC-213EFE084EAB}"
EndProject
Project("{FAE04EC0-301F-11D3-BF4B-00C04F79EFBC}") = "Entities", "Entities\Entities.csproj", "{424B5141-55C0-4C08-9995-2E811B882516}"
EndProject
Project("{FAE04EC0-301F-11D3-BF4B-00C04F79EFBC}") = "C-DataAccess", "C-DataAccess\C-DataAccess.csproj", "{9058C1A4-86D0-4326-93F8-DF6D9216D648}"
EndProject
Project("{FAE04EC0-301F-11D3-BF4B-00C04F79EFBC}") = "B-Business", "B-Business\B-Business.csproj", "{4F61ACC5-5E89-43FC-A066-2FD09110B675}"
EndProject
Global
	GlobalSection(SolutionConfigurationPlatforms) = preSolution
		Debug|Any CPU = Debug|Any CPU
		Release|Any CPU = Release|Any CPU
	EndGlobalSection
	GlobalSection(SolutionProperties) = preSolution
		HideSolutionNode = FALSE
	EndGlobalSection
	GlobalSection(ProjectConfigurationPlatforms) = postSolution
		{17425FCA-3785-40C2-9767-723F174E0BA0}.Debug|Any CPU.ActiveCfg = Debug|Any CPU
		{17425FCA-3785-40C2-9767-723F174E0BA0}.Debug|Any CPU.Build.0 = Debug|Any CPU
		{17425FCA-3785-40C2-9767-723F174E0BA0}.Release|Any CPU.ActiveCfg = Release|Any CPU
		{17425FCA-3785-40C2-9767-723F174E0BA0}.Release|Any CPU.Build.0 = Release|Any CPU
		{424B5141-55C0-4C08-9995-2E811B882516}.Debug|Any CPU.ActiveCfg = Debug|Any CPU
		{424B5141-55C0-4C08-9995-2E811B882516}.Debug|Any CPU.Build.0 = Debug|Any CPU
		{424B5141-55C0-4C08-9995-2E811B882516}.Release|Any CPU.ActiveCfg = Release|Any CPU
		{424B5141-55C0-4C08-9995-2E811B882516}.Release|Any CPU.Build.0 = Release|Any CPU
		{9058C1A4-86D0-4326-93F8-DF6D9216D648}.Debug|Any CPU.ActiveCfg = Debug|Any CPU
		{9058C1A4-86D0-4326-93F8-DF6D9216D648}.Debug|Any CPU.Build.0 = Debug|Any CPU
		{9058C1A4-86D0-4326-93F8-DF6D9216D648}.Release|Any CPU.ActiveCfg = Release|Any CPU
		{9058C1A4-86D0-4326-93F8-DF6D9216D648}.Release|Any CPU.Build.0 = Release|Any CPU
		{4F61ACC5-5E89-43FC-A066-2FD09110B675}.Debug|Any CPU.ActiveCfg = Debug|Any CPU
		{4F61ACC5-5E89-43FC-A066-2FD09110B675}.Debug|Any CPU.Build.0 = Debug|Any CPU
		{4F61ACC5-5E89-43FC-A066-2FD09110B675}.Release|Any CPU.ActiveCfg = Release|Any CPU
		{4F61ACC5-5E89-43FC-A066-2FD09110B675}.Release|Any CPU.Build.0 = Release|Any CPU
	EndGlobalSection
	GlobalSection(NestedProjects) = preSolution
		{17425FCA-3785-40C2-9767-723F174E0BA0} = {C0ACD477-B858-4273-BEDC-213EFE084EAB}
		{C0ACD477-B858-4273-BEDC-213EFE084EAB} = {8EBDEB12-FC66-4321-B924-AEC726F69575}
		{84CF8F42-1D65-4406-9563-C68D3C7F9DA3} = {8EBDEB12-FC66-4321-B924-AEC726F69575}
		{424B5141-55C0-4C08-9995-2E811B882516} = {84CF8F42-1D65-4406-9563-C68D3C7F9DA3}
		{9058C1A4-86D0-4326-93F8-DF6D9216D648} = {84CF8F42-1D65-4406-9563-C68D3C7F9DA3}
		{4F61ACC5-5E89-43FC-A066-2FD09110B675} = {84CF8F42-1D65-4406-9563-C68D3C7F9DA3}
	EndGlobalSection
EndGlobal
